
Microsoft Visual Studio Solution File, Format Version 12.00
# Visual Studio 14
VisualStudioVersion = 14.0.25420.1
MinimumVisualStudioVersion = 10.0.40219.1
Project("{FAE04EC0-301F-11D3-BF4B-00C04F79EFBC}") = "LKStudent.Droid", "LKStudent\LKStudent.Droid\LKStudent.Droid.csproj", "{A610B4E6-D807-4742-835C-41643CC764AC}"
EndProject
Project("{FAE04EC0-301F-11D3-BF4B-00C04F79EFBC}") = "LKStudent.iOS", "LKStudent\LKStudent.iOS\LKStudent.iOS.csproj", "{362C9A27-1597-422B-B5A9-5F64609A3A24}"
EndProject
Project("{FAE04EC0-301F-11D3-BF4B-00C04F79EFBC}") = "LKStudent.WinPhone", "LKStudent\LKStudent.WinPhone\LKStudent.WinPhone.csproj", "{05B7B596-A56F-4A4B-8021-250621BFE07D}"
EndProject
Project("{FAE04EC0-301F-11D3-BF4B-00C04F79EFBC}") = "LKStudent.UWP", "LKStudent\LKStudent.UWP\LKStudent.UWP.csproj", "{84FA0E68-BDEE-471A-808D-6457DC3A0727}"
EndProject
Project("{FAE04EC0-301F-11D3-BF4B-00C04F79EFBC}") = "LKStudent.Windows", "LKStudent\LKStudent.Windows\LKStudent.Windows.csproj", "{F553E25D-0940-4251-A12A-EB78A0F9C4BE}"
EndProject
Project("{FAE04EC0-301F-11D3-BF4B-00C04F79EFBC}") = "LKStudent", "LKStudent\LKStudent\LKStudent.csproj", "{17736CFB-9B14-4C9F-97CD-CEDC7759E374}"
EndProject
Global
	GlobalSection(SolutionConfigurationPlatforms) = preSolution
		Ad-Hoc|Any CPU = Ad-Hoc|Any CPU
		Ad-Hoc|ARM = Ad-Hoc|ARM
		Ad-Hoc|iPhone = Ad-Hoc|iPhone
		Ad-Hoc|iPhoneSimulator = Ad-Hoc|iPhoneSimulator
		Ad-Hoc|x64 = Ad-Hoc|x64
		Ad-Hoc|x86 = Ad-Hoc|x86
		AppStore|Any CPU = AppStore|Any CPU
		AppStore|ARM = AppStore|ARM
		AppStore|iPhone = AppStore|iPhone
		AppStore|iPhoneSimulator = AppStore|iPhoneSimulator
		AppStore|x64 = AppStore|x64
		AppStore|x86 = AppStore|x86
		Debug|Any CPU = Debug|Any CPU
		Debug|ARM = Debug|ARM
		Debug|iPhone = Debug|iPhone
		Debug|iPhoneSimulator = Debug|iPhoneSimulator
		Debug|x64 = Debug|x64
		Debug|x86 = Debug|x86
		Release|Any CPU = Release|Any CPU
		Release|ARM = Release|ARM
		Release|iPhone = Release|iPhone
		Release|iPhoneSimulator = Release|iPhoneSimulator
		Release|x64 = Release|x64
		Release|x86 = Release|x86
	EndGlobalSection
	GlobalSection(ProjectConfigurationPlatforms) = postSolution
		{A610B4E6-D807-4742-835C-41643CC764AC}.Ad-Hoc|Any CPU.ActiveCfg = Release|Any CPU
		{A610B4E6-D807-4742-835C-41643CC764AC}.Ad-Hoc|Any CPU.Build.0 = Release|Any CPU
		{A610B4E6-D807-4742-835C-41643CC764AC}.Ad-Hoc|Any CPU.Deploy.0 = Release|Any CPU
		{A610B4E6-D807-4742-835C-41643CC764AC}.Ad-Hoc|ARM.ActiveCfg = Release|Any CPU
		{A610B4E6-D807-4742-835C-41643CC764AC}.Ad-Hoc|ARM.Build.0 = Release|Any CPU
		{A610B4E6-D807-4742-835C-41643CC764AC}.Ad-Hoc|ARM.Deploy.0 = Release|Any CPU
		{A610B4E6-D807-4742-835C-41643CC764AC}.Ad-Hoc|iPhone.ActiveCfg = Release|Any CPU
		{A610B4E6-D807-4742-835C-41643CC764AC}.Ad-Hoc|iPhone.Build.0 = Release|Any CPU
		{A610B4E6-D807-4742-835C-41643CC764AC}.Ad-Hoc|iPhone.Deploy.0 = Release|Any CPU
		{A610B4E6-D807-4742-835C-41643CC764AC}.Ad-Hoc|iPhoneSimulator.ActiveCfg = Release|Any CPU
		{A610B4E6-D807-4742-835C-41643CC764AC}.Ad-Hoc|iPhoneSimulator.Build.0 = Release|Any CPU
		{A610B4E6-D807-4742-835C-41643CC764AC}.Ad-Hoc|iPhoneSimulator.Deploy.0 = Release|Any CPU
		{A610B4E6-D807-4742-835C-41643CC764AC}.Ad-Hoc|x64.ActiveCfg = Release|Any CPU
		{A610B4E6-D807-4742-835C-41643CC764AC}.Ad-Hoc|x64.Build.0 = Release|Any CPU
		{A610B4E6-D807-4742-835C-41643CC764AC}.Ad-Hoc|x64.Deploy.0 = Release|Any CPU
		{A610B4E6-D807-4742-835C-41643CC764AC}.Ad-Hoc|x86.ActiveCfg = Release|Any CPU
		{A610B4E6-D807-4742-835C-41643CC764AC}.Ad-Hoc|x86.Build.0 = Release|Any CPU
		{A610B4E6-D807-4742-835C-41643CC764AC}.Ad-Hoc|x86.Deploy.0 = Release|Any CPU
		{A610B4E6-D807-4742-835C-41643CC764AC}.AppStore|Any CPU.ActiveCfg = Release|Any CPU
		{A610B4E6-D807-4742-835C-41643CC764AC}.AppStore|Any CPU.Build.0 = Release|Any CPU
		{A610B4E6-D807-4742-835C-41643CC764AC}.AppStore|Any CPU.Deploy.0 = Release|Any CPU
		{A610B4E6-D807-4742-835C-41643CC764AC}.AppStore|ARM.ActiveCfg = Release|Any CPU
		{A610B4E6-D807-4742-835C-41643CC764AC}.AppStore|ARM.Build.0 = Release|Any CPU
		{A610B4E6-D807-4742-835C-41643CC764AC}.AppStore|ARM.Deploy.0 = Release|Any CPU
		{A610B4E6-D807-4742-835C-41643CC764AC}.AppStore|iPhone.ActiveCfg = Release|Any CPU
		{A610B4E6-D807-4742-835C-41643CC764AC}.AppStore|iPhone.Build.0 = Release|Any CPU
		{A610B4E6-D807-4742-835C-41643CC764AC}.AppStore|iPhone.Deploy.0 = Release|Any CPU
		{A610B4E6-D807-4742-835C-41643CC764AC}.AppStore|iPhoneSimulator.ActiveCfg = Release|Any CPU
		{A610B4E6-D807-4742-835C-41643CC764AC}.AppStore|iPhoneSimulator.Build.0 = Release|Any CPU
		{A610B4E6-D807-4742-835C-41643CC764AC}.AppStore|iPhoneSimulator.Deploy.0 = Release|Any CPU
		{A610B4E6-D807-4742-835C-41643CC764AC}.AppStore|x64.ActiveCfg = Release|Any CPU
		{A610B4E6-D807-4742-835C-41643CC764AC}.AppStore|x64.Build.0 = Release|Any CPU
		{A610B4E6-D807-4742-835C-41643CC764AC}.AppStore|x64.Deploy.0 = Release|Any CPU
		{A610B4E6-D807-4742-835C-41643CC764AC}.AppStore|x86.ActiveCfg = Release|Any CPU
		{A610B4E6-D807-4742-835C-41643CC764AC}.AppStore|x86.Build.0 = Release|Any CPU
		{A610B4E6-D807-4742-835C-41643CC764AC}.AppStore|x86.Deploy.0 = Release|Any CPU
		{A610B4E6-D807-4742-835C-41643CC764AC}.Debug|Any CPU.ActiveCfg = Debug|Any CPU
		{A610B4E6-D807-4742-835C-41643CC764AC}.Debug|Any CPU.Build.0 = Debug|Any CPU
		{A610B4E6-D807-4742-835C-41643CC764AC}.Debug|Any CPU.Deploy.0 = Debug|Any CPU
		{A610B4E6-D807-4742-835C-41643CC764AC}.Debug|ARM.ActiveCfg = Debug|Any CPU
		{A610B4E6-D807-4742-835C-41643CC764AC}.Debug|ARM.Build.0 = Debug|Any CPU
		{A610B4E6-D807-4742-835C-41643CC764AC}.Debug|ARM.Deploy.0 = Debug|Any CPU
		{A610B4E6-D807-4742-835C-41643CC764AC}.Debug|iPhone.ActiveCfg = Debug|Any CPU
		{A610B4E6-D807-4742-835C-41643CC764AC}.Debug|iPhone.Build.0 = Debug|Any CPU
		{A610B4E6-D807-4742-835C-41643CC764AC}.Debug|iPhone.Deploy.0 = Debug|Any CPU
		{A610B4E6-D807-4742-835C-41643CC764AC}.Debug|iPhoneSimulator.ActiveCfg = Debug|Any CPU
		{A610B4E6-D807-4742-835C-41643CC764AC}.Debug|iPhoneSimulator.Build.0 = Debug|Any CPU
		{A610B4E6-D807-4742-835C-41643CC764AC}.Debug|iPhoneSimulator.Deploy.0 = Debug|Any CPU
		{A610B4E6-D807-4742-835C-41643CC764AC}.Debug|x64.ActiveCfg = Debug|Any CPU
		{A610B4E6-D807-4742-835C-41643CC764AC}.Debug|x64.Build.0 = Debug|Any CPU
		{A610B4E6-D807-4742-835C-41643CC764AC}.Debug|x64.Deploy.0 = Debug|Any CPU
		{A610B4E6-D807-4742-835C-41643CC764AC}.Debug|x86.ActiveCfg = Debug|Any CPU
		{A610B4E6-D807-4742-835C-41643CC764AC}.Debug|x86.Build.0 = Debug|Any CPU
		{A610B4E6-D807-4742-835C-41643CC764AC}.Debug|x86.Deploy.0 = Debug|Any CPU
		{A610B4E6-D807-4742-835C-41643CC764AC}.Release|Any CPU.ActiveCfg = Release|Any CPU
		{A610B4E6-D807-4742-835C-41643CC764AC}.Release|Any CPU.Build.0 = Release|Any CPU
		{A610B4E6-D807-4742-835C-41643CC764AC}.Release|Any CPU.Deploy.0 = Release|Any CPU
		{A610B4E6-D807-4742-835C-41643CC764AC}.Release|ARM.ActiveCfg = Release|Any CPU
		{A610B4E6-D807-4742-835C-41643CC764AC}.Release|ARM.Build.0 = Release|Any CPU
		{A610B4E6-D807-4742-835C-41643CC764AC}.Release|ARM.Deploy.0 = Release|Any CPU
		{A610B4E6-D807-4742-835C-41643CC764AC}.Release|iPhone.ActiveCfg = Release|Any CPU
		{A610B4E6-D807-4742-835C-41643CC764AC}.Release|iPhone.Build.0 = Release|Any CPU
		{A610B4E6-D807-4742-835C-41643CC764AC}.Release|iPhone.Deploy.0 = Release|Any CPU
		{A610B4E6-D807-4742-835C-41643CC764AC}.Release|iPhoneSimulator.ActiveCfg = Release|Any CPU
		{A610B4E6-D807-4742-835C-41643CC764AC}.Release|iPhoneSimulator.Build.0 = Release|Any CPU
		{A610B4E6-D807-4742-835C-41643CC764AC}.Release|iPhoneSimulator.Deploy.0 = Release|Any CPU
		{A610B4E6-D807-4742-835C-41643CC764AC}.Release|x64.ActiveCfg = Release|Any CPU
		{A610B4E6-D807-4742-835C-41643CC764AC}.Release|x64.Build.0 = Release|Any CPU
		{A610B4E6-D807-4742-835C-41643CC764AC}.Release|x64.Deploy.0 = Release|Any CPU
		{A610B4E6-D807-4742-835C-41643CC764AC}.Release|x86.ActiveCfg = Release|Any CPU
		{A610B4E6-D807-4742-835C-41643CC764AC}.Release|x86.Build.0 = Release|Any CPU
		{A610B4E6-D807-4742-835C-41643CC764AC}.Release|x86.Deploy.0 = Release|Any CPU
		{362C9A27-1597-422B-B5A9-5F64609A3A24}.Ad-Hoc|Any CPU.ActiveCfg = Ad-Hoc|iPhone
		{362C9A27-1597-422B-B5A9-5F64609A3A24}.Ad-Hoc|ARM.ActiveCfg = Ad-Hoc|iPhone
		{362C9A27-1597-422B-B5A9-5F64609A3A24}.Ad-Hoc|iPhone.ActiveCfg = Ad-Hoc|iPhone
		{362C9A27-1597-422B-B5A9-5F64609A3A24}.Ad-Hoc|iPhone.Build.0 = Ad-Hoc|iPhone
		{362C9A27-1597-422B-B5A9-5F64609A3A24}.Ad-Hoc|iPhoneSimulator.ActiveCfg = Ad-Hoc|iPhoneSimulator
		{362C9A27-1597-422B-B5A9-5F64609A3A24}.Ad-Hoc|iPhoneSimulator.Build.0 = Ad-Hoc|iPhoneSimulator
		{362C9A27-1597-422B-B5A9-5F64609A3A24}.Ad-Hoc|x64.ActiveCfg = Ad-Hoc|iPhone
		{362C9A27-1597-422B-B5A9-5F64609A3A24}.Ad-Hoc|x86.ActiveCfg = Ad-Hoc|iPhone
		{362C9A27-1597-422B-B5A9-5F64609A3A24}.AppStore|Any CPU.ActiveCfg = AppStore|iPhone
		{362C9A27-1597-422B-B5A9-5F64609A3A24}.AppStore|ARM.ActiveCfg = AppStore|iPhone
		{362C9A27-1597-422B-B5A9-5F64609A3A24}.AppStore|iPhone.ActiveCfg = AppStore|iPhone
		{362C9A27-1597-422B-B5A9-5F64609A3A24}.AppStore|iPhone.Build.0 = AppStore|iPhone
		{362C9A27-1597-422B-B5A9-5F64609A3A24}.AppStore|iPhoneSimulator.ActiveCfg = AppStore|iPhoneSimulator
		{362C9A27-1597-422B-B5A9-5F64609A3A24}.AppStore|iPhoneSimulator.Build.0 = AppStore|iPhoneSimulator
		{362C9A27-1597-422B-B5A9-5F64609A3A24}.AppStore|x64.ActiveCfg = AppStore|iPhone
		{362C9A27-1597-422B-B5A9-5F64609A3A24}.AppStore|x86.ActiveCfg = AppStore|iPhone
		{362C9A27-1597-422B-B5A9-5F64609A3A24}.Debug|Any CPU.ActiveCfg = Debug|iPhone
		{362C9A27-1597-422B-B5A9-5F64609A3A24}.Debug|ARM.ActiveCfg = Debug|iPhone
		{362C9A27-1597-422B-B5A9-5F64609A3A24}.Debug|iPhone.ActiveCfg = Debug|iPhone
		{362C9A27-1597-422B-B5A9-5F64609A3A24}.Debug|iPhone.Build.0 = Debug|iPhone
		{362C9A27-1597-422B-B5A9-5F64609A3A24}.Debug|iPhoneSimulator.ActiveCfg = Debug|iPhoneSimulator
		{362C9A27-1597-422B-B5A9-5F64609A3A24}.Debug|iPhoneSimulator.Build.0 = Debug|iPhoneSimulator
		{362C9A27-1597-422B-B5A9-5F64609A3A24}.Debug|x64.ActiveCfg = Debug|iPhone
		{362C9A27-1597-422B-B5A9-5F64609A3A24}.Debug|x86.ActiveCfg = Debug|iPhone
		{362C9A27-1597-422B-B5A9-5F64609A3A24}.Release|Any CPU.ActiveCfg = Release|iPhone
		{362C9A27-1597-422B-B5A9-5F64609A3A24}.Release|ARM.ActiveCfg = Release|iPhone
		{362C9A27-1597-422B-B5A9-5F64609A3A24}.Release|iPhone.ActiveCfg = Release|iPhone
		{362C9A27-1597-422B-B5A9-5F64609A3A24}.Release|iPhone.Build.0 = Release|iPhone
		{362C9A27-1597-422B-B5A9-5F64609A3A24}.Release|iPhoneSimulator.ActiveCfg = Release|iPhoneSimulator
		{362C9A27-1597-422B-B5A9-5F64609A3A24}.Release|iPhoneSimulator.Build.0 = Release|iPhoneSimulator
		{362C9A27-1597-422B-B5A9-5F64609A3A24}.Release|x64.ActiveCfg = Release|iPhone
		{362C9A27-1597-422B-B5A9-5F64609A3A24}.Release|x86.ActiveCfg = Release|iPhone
		{05B7B596-A56F-4A4B-8021-250621BFE07D}.Ad-Hoc|Any CPU.ActiveCfg = Release|Any CPU
		{05B7B596-A56F-4A4B-8021-250621BFE07D}.Ad-Hoc|Any CPU.Build.0 = Release|Any CPU
		{05B7B596-A56F-4A4B-8021-250621BFE07D}.Ad-Hoc|Any CPU.Deploy.0 = Release|Any CPU
		{05B7B596-A56F-4A4B-8021-250621BFE07D}.Ad-Hoc|ARM.ActiveCfg = Release|ARM
		{05B7B596-A56F-4A4B-8021-250621BFE07D}.Ad-Hoc|ARM.Build.0 = Release|ARM
		{05B7B596-A56F-4A4B-8021-250621BFE07D}.Ad-Hoc|ARM.Deploy.0 = Release|ARM
		{05B7B596-A56F-4A4B-8021-250621BFE07D}.Ad-Hoc|iPhone.ActiveCfg = Release|Any CPU
		{05B7B596-A56F-4A4B-8021-250621BFE07D}.Ad-Hoc|iPhone.Build.0 = Release|Any CPU
		{05B7B596-A56F-4A4B-8021-250621BFE07D}.Ad-Hoc|iPhone.Deploy.0 = Release|Any CPU
		{05B7B596-A56F-4A4B-8021-250621BFE07D}.Ad-Hoc|iPhoneSimulator.ActiveCfg = Release|Any CPU
		{05B7B596-A56F-4A4B-8021-250621BFE07D}.Ad-Hoc|iPhoneSimulator.Build.0 = Release|Any CPU
		{05B7B596-A56F-4A4B-8021-250621BFE07D}.Ad-Hoc|iPhoneSimulator.Deploy.0 = Release|Any CPU
		{05B7B596-A56F-4A4B-8021-250621BFE07D}.Ad-Hoc|x64.ActiveCfg = Release|Any CPU
		{05B7B596-A56F-4A4B-8021-250621BFE07D}.Ad-Hoc|x64.Build.0 = Release|Any CPU
		{05B7B596-A56F-4A4B-8021-250621BFE07D}.Ad-Hoc|x64.Deploy.0 = Release|Any CPU
		{05B7B596-A56F-4A4B-8021-250621BFE07D}.Ad-Hoc|x86.ActiveCfg = Release|x86
		{05B7B596-A56F-4A4B-8021-250621BFE07D}.Ad-Hoc|x86.Build.0 = Release|x86
		{05B7B596-A56F-4A4B-8021-250621BFE07D}.Ad-Hoc|x86.Deploy.0 = Release|x86
		{05B7B596-A56F-4A4B-8021-250621BFE07D}.AppStore|Any CPU.ActiveCfg = Release|Any CPU
		{05B7B596-A56F-4A4B-8021-250621BFE07D}.AppStore|Any CPU.Build.0 = Release|Any CPU
		{05B7B596-A56F-4A4B-8021-250621BFE07D}.AppStore|Any CPU.Deploy.0 = Release|Any CPU
		{05B7B596-A56F-4A4B-8021-250621BFE07D}.AppStore|ARM.ActiveCfg = Release|ARM
		{05B7B596-A56F-4A4B-8021-250621BFE07D}.AppStore|ARM.Build.0 = Release|ARM
		{05B7B596-A56F-4A4B-8021-250621BFE07D}.AppStore|ARM.Deploy.0 = Release|ARM
		{05B7B596-A56F-4A4B-8021-250621BFE07D}.AppStore|iPhone.ActiveCfg = Release|Any CPU
		{05B7B596-A56F-4A4B-8021-250621BFE07D}.AppStore|iPhone.Build.0 = Release|Any CPU
		{05B7B596-A56F-4A4B-8021-250621BFE07D}.AppStore|iPhone.Deploy.0 = Release|Any CPU
		{05B7B596-A56F-4A4B-8021-250621BFE07D}.AppStore|iPhoneSimulator.ActiveCfg = Release|Any CPU
		{05B7B596-A56F-4A4B-8021-250621BFE07D}.AppStore|iPhoneSimulator.Build.0 = Release|Any CPU
		{05B7B596-A56F-4A4B-8021-250621BFE07D}.AppStore|iPhoneSimulator.Deploy.0 = Release|Any CPU
		{05B7B596-A56F-4A4B-8021-250621BFE07D}.AppStore|x64.ActiveCfg = Release|Any CPU
		{05B7B596-A56F-4A4B-8021-250621BFE07D}.AppStore|x64.Build.0 = Release|Any CPU
		{05B7B596-A56F-4A4B-8021-250621BFE07D}.AppStore|x64.Deploy.0 = Release|Any CPU
		{05B7B596-A56F-4A4B-8021-250621BFE07D}.AppStore|x86.ActiveCfg = Release|x86
		{05B7B596-A56F-4A4B-8021-250621BFE07D}.AppStore|x86.Build.0 = Release|x86
		{05B7B596-A56F-4A4B-8021-250621BFE07D}.AppStore|x86.Deploy.0 = Release|x86
		{05B7B596-A56F-4A4B-8021-250621BFE07D}.Debug|Any CPU.ActiveCfg = Debug|Any CPU
		{05B7B596-A56F-4A4B-8021-250621BFE07D}.Debug|Any CPU.Build.0 = Debug|Any CPU
		{05B7B596-A56F-4A4B-8021-250621BFE07D}.Debug|Any CPU.Deploy.0 = Debug|Any CPU
		{05B7B596-A56F-4A4B-8021-250621BFE07D}.Debug|ARM.ActiveCfg = Debug|ARM
		{05B7B596-A56F-4A4B-8021-250621BFE07D}.Debug|ARM.Build.0 = Debug|ARM
		{05B7B596-A56F-4A4B-8021-250621BFE07D}.Debug|ARM.Deploy.0 = Debug|ARM
		{05B7B596-A56F-4A4B-8021-250621BFE07D}.Debug|iPhone.ActiveCfg = Debug|Any CPU
		{05B7B596-A56F-4A4B-8021-250621BFE07D}.Debug|iPhone.Build.0 = Debug|Any CPU
		{05B7B596-A56F-4A4B-8021-250621BFE07D}.Debug|iPhone.Deploy.0 = Debug|Any CPU
		{05B7B596-A56F-4A4B-8021-250621BFE07D}.Debug|iPhoneSimulator.ActiveCfg = Debug|Any CPU
		{05B7B596-A56F-4A4B-8021-250621BFE07D}.Debug|iPhoneSimulator.Build.0 = Debug|Any CPU
		{05B7B596-A56F-4A4B-8021-250621BFE07D}.Debug|iPhoneSimulator.Deploy.0 = Debug|Any CPU
		{05B7B596-A56F-4A4B-8021-250621BFE07D}.Debug|x64.ActiveCfg = Debug|Any CPU
		{05B7B596-A56F-4A4B-8021-250621BFE07D}.Debug|x64.Build.0 = Debug|Any CPU
		{05B7B596-A56F-4A4B-8021-250621BFE07D}.Debug|x64.Deploy.0 = Debug|Any CPU
		{05B7B596-A56F-4A4B-8021-250621BFE07D}.Debug|x86.ActiveCfg = Debug|x86
		{05B7B596-A56F-4A4B-8021-250621BFE07D}.Debug|x86.Build.0 = Debug|x86
		{05B7B596-A56F-4A4B-8021-250621BFE07D}.Debug|x86.Deploy.0 = Debug|x86
		{05B7B596-A56F-4A4B-8021-250621BFE07D}.Release|Any CPU.ActiveCfg = Release|Any CPU
		{05B7B596-A56F-4A4B-8021-250621BFE07D}.Release|Any CPU.Build.0 = Release|Any CPU
		{05B7B596-A56F-4A4B-8021-250621BFE07D}.Release|Any CPU.Deploy.0 = Release|Any CPU
		{05B7B596-A56F-4A4B-8021-250621BFE07D}.Release|ARM.ActiveCfg = Release|ARM
		{05B7B596-A56F-4A4B-8021-250621BFE07D}.Release|ARM.Build.0 = Release|ARM
		{05B7B596-A56F-4A4B-8021-250621BFE07D}.Release|ARM.Deploy.0 = Release|ARM
		{05B7B596-A56F-4A4B-8021-250621BFE07D}.Release|iPhone.ActiveCfg = Release|Any CPU
		{05B7B596-A56F-4A4B-8021-250621BFE07D}.Release|iPhone.Build.0 = Release|Any CPU
		{05B7B596-A56F-4A4B-8021-250621BFE07D}.Release|iPhone.Deploy.0 = Release|Any CPU
		{05B7B596-A56F-4A4B-8021-250621BFE07D}.Release|iPhoneSimulator.ActiveCfg = Release|Any CPU
		{05B7B596-A56F-4A4B-8021-250621BFE07D}.Release|iPhoneSimulator.Build.0 = Release|Any CPU
		{05B7B596-A56F-4A4B-8021-250621BFE07D}.Release|iPhoneSimulator.Deploy.0 = Release|Any CPU
		{05B7B596-A56F-4A4B-8021-250621BFE07D}.Release|x64.ActiveCfg = Release|Any CPU
		{05B7B596-A56F-4A4B-8021-250621BFE07D}.Release|x64.Build.0 = Release|Any CPU
		{05B7B596-A56F-4A4B-8021-250621BFE07D}.Release|x64.Deploy.0 = Release|Any CPU
		{05B7B596-A56F-4A4B-8021-250621BFE07D}.Release|x86.ActiveCfg = Release|x86
		{05B7B596-A56F-4A4B-8021-250621BFE07D}.Release|x86.Build.0 = Release|x86
		{05B7B596-A56F-4A4B-8021-250621BFE07D}.Release|x86.Deploy.0 = Release|x86
		{84FA0E68-BDEE-471A-808D-6457DC3A0727}.Ad-Hoc|Any CPU.ActiveCfg = Release|x86
		{84FA0E68-BDEE-471A-808D-6457DC3A0727}.Ad-Hoc|Any CPU.Build.0 = Release|x86
		{84FA0E68-BDEE-471A-808D-6457DC3A0727}.Ad-Hoc|Any CPU.Deploy.0 = Release|x86
		{84FA0E68-BDEE-471A-808D-6457DC3A0727}.Ad-Hoc|ARM.ActiveCfg = Release|ARM
		{84FA0E68-BDEE-471A-808D-6457DC3A0727}.Ad-Hoc|ARM.Build.0 = Release|ARM
		{84FA0E68-BDEE-471A-808D-6457DC3A0727}.Ad-Hoc|ARM.Deploy.0 = Release|ARM
		{84FA0E68-BDEE-471A-808D-6457DC3A0727}.Ad-Hoc|iPhone.ActiveCfg = Release|x86
		{84FA0E68-BDEE-471A-808D-6457DC3A0727}.Ad-Hoc|iPhone.Build.0 = Release|x86
		{84FA0E68-BDEE-471A-808D-6457DC3A0727}.Ad-Hoc|iPhone.Deploy.0 = Release|x86
		{84FA0E68-BDEE-471A-808D-6457DC3A0727}.Ad-Hoc|iPhoneSimulator.ActiveCfg = Release|x86
		{84FA0E68-BDEE-471A-808D-6457DC3A0727}.Ad-Hoc|iPhoneSimulator.Build.0 = Release|x86
		{84FA0E68-BDEE-471A-808D-6457DC3A0727}.Ad-Hoc|iPhoneSimulator.Deploy.0 = Release|x86
		{84FA0E68-BDEE-471A-808D-6457DC3A0727}.Ad-Hoc|x64.ActiveCfg = Release|x64
		{84FA0E68-BDEE-471A-808D-6457DC3A0727}.Ad-Hoc|x64.Build.0 = Release|x64
		{84FA0E68-BDEE-471A-808D-6457DC3A0727}.Ad-Hoc|x64.Deploy.0 = Release|x64
		{84FA0E68-BDEE-471A-808D-6457DC3A0727}.Ad-Hoc|x86.ActiveCfg = Release|x86
		{84FA0E68-BDEE-471A-808D-6457DC3A0727}.Ad-Hoc|x86.Build.0 = Release|x86
		{84FA0E68-BDEE-471A-808D-6457DC3A0727}.Ad-Hoc|x86.Deploy.0 = Release|x86
		{84FA0E68-BDEE-471A-808D-6457DC3A0727}.AppStore|Any CPU.ActiveCfg = Release|x86
		{84FA0E68-BDEE-471A-808D-6457DC3A0727}.AppStore|Any CPU.Build.0 = Release|x86
		{84FA0E68-BDEE-471A-808D-6457DC3A0727}.AppStore|Any CPU.Deploy.0 = Release|x86
		{84FA0E68-BDEE-471A-808D-6457DC3A0727}.AppStore|ARM.ActiveCfg = Release|ARM
		{84FA0E68-BDEE-471A-808D-6457DC3A0727}.AppStore|ARM.Build.0 = Release|ARM
		{84FA0E68-BDEE-471A-808D-6457DC3A0727}.AppStore|ARM.Deploy.0 = Release|ARM
		{84FA0E68-BDEE-471A-808D-6457DC3A0727}.AppStore|iPhone.ActiveCfg = Release|x86
		{84FA0E68-BDEE-471A-808D-6457DC3A0727}.AppStore|iPhone.Build.0 = Release|x86
		{84FA0E68-BDEE-471A-808D-6457DC3A0727}.AppStore|iPhone.Deploy.0 = Release|x86
		{84FA0E68-BDEE-471A-808D-6457DC3A0727}.AppStore|iPhoneSimulator.ActiveCfg = Release|x86
		{84FA0E68-BDEE-471A-808D-6457DC3A0727}.AppStore|iPhoneSimulator.Build.0 = Release|x86
		{84FA0E68-BDEE-471A-808D-6457DC3A0727}.AppStore|iPhoneSimulator.Deploy.0 = Release|x86
		{84FA0E68-BDEE-471A-808D-6457DC3A0727}.AppStore|x64.ActiveCfg = Release|x64
		{84FA0E68-BDEE-471A-808D-6457DC3A0727}.AppStore|x64.Build.0 = Release|x64
		{84FA0E68-BDEE-471A-808D-6457DC3A0727}.AppStore|x64.Deploy.0 = Release|x64
		{84FA0E68-BDEE-471A-808D-6457DC3A0727}.AppStore|x86.ActiveCfg = Release|x86
		{84FA0E68-BDEE-471A-808D-6457DC3A0727}.AppStore|x86.Build.0 = Release|x86
		{84FA0E68-BDEE-471A-808D-6457DC3A0727}.AppStore|x86.Deploy.0 = Release|x86
		{84FA0E68-BDEE-471A-808D-6457DC3A0727}.Debug|Any CPU.ActiveCfg = Debug|x86
		{84FA0E68-BDEE-471A-808D-6457DC3A0727}.Debug|ARM.ActiveCfg = Debug|ARM
		{84FA0E68-BDEE-471A-808D-6457DC3A0727}.Debug|ARM.Build.0 = Debug|ARM
		{84FA0E68-BDEE-471A-808D-6457DC3A0727}.Debug|ARM.Deploy.0 = Debug|ARM
		{84FA0E68-BDEE-471A-808D-6457DC3A0727}.Debug|iPhone.ActiveCfg = Debug|x86
		{84FA0E68-BDEE-471A-808D-6457DC3A0727}.Debug|iPhoneSimulator.ActiveCfg = Debug|x86
		{84FA0E68-BDEE-471A-808D-6457DC3A0727}.Debug|x64.ActiveCfg = Debug|x64
		{84FA0E68-BDEE-471A-808D-6457DC3A0727}.Debug|x64.Build.0 = Debug|x64
		{84FA0E68-BDEE-471A-808D-6457DC3A0727}.Debug|x64.Deploy.0 = Debug|x64
		{84FA0E68-BDEE-471A-808D-6457DC3A0727}.Debug|x86.ActiveCfg = Debug|x86
		{84FA0E68-BDEE-471A-808D-6457DC3A0727}.Debug|x86.Build.0 = Debug|x86
		{84FA0E68-BDEE-471A-808D-6457DC3A0727}.Debug|x86.Deploy.0 = Debug|x86
		{84FA0E68-BDEE-471A-808D-6457DC3A0727}.Release|Any CPU.ActiveCfg = Release|x86
		{84FA0E68-BDEE-471A-808D-6457DC3A0727}.Release|ARM.ActiveCfg = Release|ARM
		{84FA0E68-BDEE-471A-808D-6457DC3A0727}.Release|ARM.Build.0 = Release|ARM
		{84FA0E68-BDEE-471A-808D-6457DC3A0727}.Release|ARM.Deploy.0 = Release|ARM
		{84FA0E68-BDEE-471A-808D-6457DC3A0727}.Release|iPhone.ActiveCfg = Release|x86
		{84FA0E68-BDEE-471A-808D-6457DC3A0727}.Release|iPhoneSimulator.ActiveCfg = Release|x86
		{84FA0E68-BDEE-471A-808D-6457DC3A0727}.Release|x64.ActiveCfg = Release|x64
		{84FA0E68-BDEE-471A-808D-6457DC3A0727}.Release|x64.Build.0 = Release|x64
		{84FA0E68-BDEE-471A-808D-6457DC3A0727}.Release|x64.Deploy.0 = Release|x64
		{84FA0E68-BDEE-471A-808D-6457DC3A0727}.Release|x86.ActiveCfg = Release|x86
		{84FA0E68-BDEE-471A-808D-6457DC3A0727}.Release|x86.Build.0 = Release|x86
		{84FA0E68-BDEE-471A-808D-6457DC3A0727}.Release|x86.Deploy.0 = Release|x86
		{F553E25D-0940-4251-A12A-EB78A0F9C4BE}.Ad-Hoc|Any CPU.ActiveCfg = Release|Any CPU
		{F553E25D-0940-4251-A12A-EB78A0F9C4BE}.Ad-Hoc|Any CPU.Build.0 = Release|Any CPU
		{F553E25D-0940-4251-A12A-EB78A0F9C4BE}.Ad-Hoc|Any CPU.Deploy.0 = Release|Any CPU
		{F553E25D-0940-4251-A12A-EB78A0F9C4BE}.Ad-Hoc|ARM.ActiveCfg = Release|ARM
		{F553E25D-0940-4251-A12A-EB78A0F9C4BE}.Ad-Hoc|ARM.Build.0 = Release|ARM
		{F553E25D-0940-4251-A12A-EB78A0F9C4BE}.Ad-Hoc|ARM.Deploy.0 = Release|ARM
		{F553E25D-0940-4251-A12A-EB78A0F9C4BE}.Ad-Hoc|iPhone.ActiveCfg = Release|Any CPU
		{F553E25D-0940-4251-A12A-EB78A0F9C4BE}.Ad-Hoc|iPhone.Build.0 = Release|Any CPU
		{F553E25D-0940-4251-A12A-EB78A0F9C4BE}.Ad-Hoc|iPhone.Deploy.0 = Release|Any CPU
		{F553E25D-0940-4251-A12A-EB78A0F9C4BE}.Ad-Hoc|iPhoneSimulator.ActiveCfg = Release|Any CPU
		{F553E25D-0940-4251-A12A-EB78A0F9C4BE}.Ad-Hoc|iPhoneSimulator.Build.0 = Release|Any CPU
		{F553E25D-0940-4251-A12A-EB78A0F9C4BE}.Ad-Hoc|iPhoneSimulator.Deploy.0 = Release|Any CPU
		{F553E25D-0940-4251-A12A-EB78A0F9C4BE}.Ad-Hoc|x64.ActiveCfg = Release|x64
		{F553E25D-0940-4251-A12A-EB78A0F9C4BE}.Ad-Hoc|x64.Build.0 = Release|x64
		{F553E25D-0940-4251-A12A-EB78A0F9C4BE}.Ad-Hoc|x64.Deploy.0 = Release|x64
		{F553E25D-0940-4251-A12A-EB78A0F9C4BE}.Ad-Hoc|x86.ActiveCfg = Release|x86
		{F553E25D-0940-4251-A12A-EB78A0F9C4BE}.Ad-Hoc|x86.Build.0 = Release|x86
		{F553E25D-0940-4251-A12A-EB78A0F9C4BE}.Ad-Hoc|x86.Deploy.0 = Release|x86
		{F553E25D-0940-4251-A12A-EB78A0F9C4BE}.AppStore|Any CPU.ActiveCfg = Release|Any CPU
		{F553E25D-0940-4251-A12A-EB78A0F9C4BE}.AppStore|Any CPU.Build.0 = Release|Any CPU
		{F553E25D-0940-4251-A12A-EB78A0F9C4BE}.AppStore|Any CPU.Deploy.0 = Release|Any CPU
		{F553E25D-0940-4251-A12A-EB78A0F9C4BE}.AppStore|ARM.ActiveCfg = Release|ARM
		{F553E25D-0940-4251-A12A-EB78A0F9C4BE}.AppStore|ARM.Build.0 = Release|ARM
		{F553E25D-0940-4251-A12A-EB78A0F9C4BE}.AppStore|ARM.Deploy.0 = Release|ARM
		{F553E25D-0940-4251-A12A-EB78A0F9C4BE}.AppStore|iPhone.ActiveCfg = Release|Any CPU
		{F553E25D-0940-4251-A12A-EB78A0F9C4BE}.AppStore|iPhone.Build.0 = Release|Any CPU
		{F553E25D-0940-4251-A12A-EB78A0F9C4BE}.AppStore|iPhone.Deploy.0 = Release|Any CPU
		{F553E25D-0940-4251-A12A-EB78A0F9C4BE}.AppStore|iPhoneSimulator.ActiveCfg = Release|Any CPU
		{F553E25D-0940-4251-A12A-EB78A0F9C4BE}.AppStore|iPhoneSimulator.Build.0 = Release|Any CPU
		{F553E25D-0940-4251-A12A-EB78A0F9C4BE}.AppStore|iPhoneSimulator.Deploy.0 = Release|Any CPU
		{F553E25D-0940-4251-A12A-EB78A0F9C4BE}.AppStore|x64.ActiveCfg = Release|x64
		{F553E25D-0940-4251-A12A-EB78A0F9C4BE}.AppStore|x64.Build.0 = Release|x64
		{F553E25D-0940-4251-A12A-EB78A0F9C4BE}.AppStore|x64.Deploy.0 = Release|x64
		{F553E25D-0940-4251-A12A-EB78A0F9C4BE}.AppStore|x86.ActiveCfg = Release|x86
		{F553E25D-0940-4251-A12A-EB78A0F9C4BE}.AppStore|x86.Build.0 = Release|x86
		{F553E25D-0940-4251-A12A-EB78A0F9C4BE}.AppStore|x86.Deploy.0 = Release|x86
		{F553E25D-0940-4251-A12A-EB78A0F9C4BE}.Debug|Any CPU.ActiveCfg = Debug|Any CPU
		{F553E25D-0940-4251-A12A-EB78A0F9C4BE}.Debug|Any CPU.Build.0 = Debug|Any CPU
		{F553E25D-0940-4251-A12A-EB78A0F9C4BE}.Debug|Any CPU.Deploy.0 = Debug|Any CPU
		{F553E25D-0940-4251-A12A-EB78A0F9C4BE}.Debug|ARM.ActiveCfg = Debug|ARM
		{F553E25D-0940-4251-A12A-EB78A0F9C4BE}.Debug|ARM.Build.0 = Debug|ARM
		{F553E25D-0940-4251-A12A-EB78A0F9C4BE}.Debug|ARM.Deploy.0 = Debug|ARM
		{F553E25D-0940-4251-A12A-EB78A0F9C4BE}.Debug|iPhone.ActiveCfg = Debug|Any CPU
		{F553E25D-0940-4251-A12A-EB78A0F9C4BE}.Debug|iPhone.Build.0 = Debug|Any CPU
		{F553E25D-0940-4251-A12A-EB78A0F9C4BE}.Debug|iPhone.Deploy.0 = Debug|Any CPU
		{F553E25D-0940-4251-A12A-EB78A0F9C4BE}.Debug|iPhoneSimulator.ActiveCfg = Debug|Any CPU
		{F553E25D-0940-4251-A12A-EB78A0F9C4BE}.Debug|iPhoneSimulator.Build.0 = Debug|Any CPU
		{F553E25D-0940-4251-A12A-EB78A0F9C4BE}.Debug|iPhoneSimulator.Deploy.0 = Debug|Any CPU
		{F553E25D-0940-4251-A12A-EB78A0F9C4BE}.Debug|x64.ActiveCfg = Debug|x64
		{F553E25D-0940-4251-A12A-EB78A0F9C4BE}.Debug|x64.Build.0 = Debug|x64
		{F553E25D-0940-4251-A12A-EB78A0F9C4BE}.Debug|x64.Deploy.0 = Debug|x64
		{F553E25D-0940-4251-A12A-EB78A0F9C4BE}.Debug|x86.ActiveCfg = Debug|x86
		{F553E25D-0940-4251-A12A-EB78A0F9C4BE}.Debug|x86.Build.0 = Debug|x86
		{F553E25D-0940-4251-A12A-EB78A0F9C4BE}.Debug|x86.Deploy.0 = Debug|x86
		{F553E25D-0940-4251-A12A-EB78A0F9C4BE}.Release|Any CPU.ActiveCfg = Release|Any CPU
		{F553E25D-0940-4251-A12A-EB78A0F9C4BE}.Release|Any CPU.Build.0 = Release|Any CPU
		{F553E25D-0940-4251-A12A-EB78A0F9C4BE}.Release|Any CPU.Deploy.0 = Release|Any CPU
		{F553E25D-0940-4251-A12A-EB78A0F9C4BE}.Release|ARM.ActiveCfg = Release|ARM
		{F553E25D-0940-4251-A12A-EB78A0F9C4BE}.Release|ARM.Build.0 = Release|ARM
		{F553E25D-0940-4251-A12A-EB78A0F9C4BE}.Release|ARM.Deploy.0 = Release|ARM
		{F553E25D-0940-4251-A12A-EB78A0F9C4BE}.Release|iPhone.ActiveCfg = Release|Any CPU
		{F553E25D-0940-4251-A12A-EB78A0F9C4BE}.Release|iPhone.Build.0 = Release|Any CPU
		{F553E25D-0940-4251-A12A-EB78A0F9C4BE}.Release|iPhone.Deploy.0 = Release|Any CPU
		{F553E25D-0940-4251-A12A-EB78A0F9C4BE}.Release|iPhoneSimulator.ActiveCfg = Release|Any CPU
		{F553E25D-0940-4251-A12A-EB78A0F9C4BE}.Release|iPhoneSimulator.Build.0 = Release|Any CPU
		{F553E25D-0940-4251-A12A-EB78A0F9C4BE}.Release|iPhoneSimulator.Deploy.0 = Release|Any CPU
		{F553E25D-0940-4251-A12A-EB78A0F9C4BE}.Release|x64.ActiveCfg = Release|x64
		{F553E25D-0940-4251-A12A-EB78A0F9C4BE}.Release|x64.Build.0 = Release|x64
		{F553E25D-0940-4251-A12A-EB78A0F9C4BE}.Release|x64.Deploy.0 = Release|x64
		{F553E25D-0940-4251-A12A-EB78A0F9C4BE}.Release|x86.ActiveCfg = Release|x86
		{F553E25D-0940-4251-A12A-EB78A0F9C4BE}.Release|x86.Build.0 = Release|x86
		{F553E25D-0940-4251-A12A-EB78A0F9C4BE}.Release|x86.Deploy.0 = Release|x86
		{17736CFB-9B14-4C9F-97CD-CEDC7759E374}.Ad-Hoc|Any CPU.ActiveCfg = Release|Any CPU
		{17736CFB-9B14-4C9F-97CD-CEDC7759E374}.Ad-Hoc|Any CPU.Build.0 = Release|Any CPU
		{17736CFB-9B14-4C9F-97CD-CEDC7759E374}.Ad-Hoc|ARM.ActiveCfg = Release|Any CPU
		{17736CFB-9B14-4C9F-97CD-CEDC7759E374}.Ad-Hoc|ARM.Build.0 = Release|Any CPU
		{17736CFB-9B14-4C9F-97CD-CEDC7759E374}.Ad-Hoc|iPhone.ActiveCfg = Release|Any CPU
		{17736CFB-9B14-4C9F-97CD-CEDC7759E374}.Ad-Hoc|iPhone.Build.0 = Release|Any CPU
		{17736CFB-9B14-4C9F-97CD-CEDC7759E374}.Ad-Hoc|iPhoneSimulator.ActiveCfg = Release|Any CPU
		{17736CFB-9B14-4C9F-97CD-CEDC7759E374}.Ad-Hoc|iPhoneSimulator.Build.0 = Release|Any CPU
		{17736CFB-9B14-4C9F-97CD-CEDC7759E374}.Ad-Hoc|x64.ActiveCfg = Release|Any CPU
		{17736CFB-9B14-4C9F-97CD-CEDC7759E374}.Ad-Hoc|x64.Build.0 = Release|Any CPU
		{17736CFB-9B14-4C9F-97CD-CEDC7759E374}.Ad-Hoc|x86.ActiveCfg = Release|Any CPU
		{17736CFB-9B14-4C9F-97CD-CEDC7759E374}.Ad-Hoc|x86.Build.0 = Release|Any CPU
		{17736CFB-9B14-4C9F-97CD-CEDC7759E374}.AppStore|Any CPU.ActiveCfg = Release|Any CPU
		{17736CFB-9B14-4C9F-97CD-CEDC7759E374}.AppStore|Any CPU.Build.0 = Release|Any CPU
		{17736CFB-9B14-4C9F-97CD-CEDC7759E374}.AppStore|ARM.ActiveCfg = Release|Any CPU
		{17736CFB-9B14-4C9F-97CD-CEDC7759E374}.AppStore|ARM.Build.0 = Release|Any CPU
		{17736CFB-9B14-4C9F-97CD-CEDC7759E374}.AppStore|iPhone.ActiveCfg = Release|Any CPU
		{17736CFB-9B14-4C9F-97CD-CEDC7759E374}.AppStore|iPhone.Build.0 = Release|Any CPU
		{17736CFB-9B14-4C9F-97CD-CEDC7759E374}.AppStore|iPhoneSimulator.ActiveCfg = Release|Any CPU
		{17736CFB-9B14-4C9F-97CD-CEDC7759E374}.AppStore|iPhoneSimulator.Build.0 = Release|Any CPU
		{17736CFB-9B14-4C9F-97CD-CEDC7759E374}.AppStore|x64.ActiveCfg = Release|Any CPU
		{17736CFB-9B14-4C9F-97CD-CEDC7759E374}.AppStore|x64.Build.0 = Release|Any CPU
		{17736CFB-9B14-4C9F-97CD-CEDC7759E374}.AppStore|x86.ActiveCfg = Release|Any CPU
		{17736CFB-9B14-4C9F-97CD-CEDC7759E374}.AppStore|x86.Build.0 = Release|Any CPU
		{17736CFB-9B14-4C9F-97CD-CEDC7759E374}.Debug|Any CPU.ActiveCfg = Debug|Any CPU
		{17736CFB-9B14-4C9F-97CD-CEDC7759E374}.Debug|Any CPU.Build.0 = Debug|Any CPU
		{17736CFB-9B14-4C9F-97CD-CEDC7759E374}.Debug|ARM.ActiveCfg = Debug|Any CPU
		{17736CFB-9B14-4C9F-97CD-CEDC7759E374}.Debug|ARM.Build.0 = Debug|Any CPU
		{17736CFB-9B14-4C9F-97CD-CEDC7759E374}.Debug|iPhone.ActiveCfg = Debug|Any CPU
		{17736CFB-9B14-4C9F-97CD-CEDC7759E374}.Debug|iPhone.Build.0 = Debug|Any CPU
		{17736CFB-9B14-4C9F-97CD-CEDC7759E374}.Debug|iPhoneSimulator.ActiveCfg = Debug|Any CPU
		{17736CFB-9B14-4C9F-97CD-CEDC7759E374}.Debug|iPhoneSimulator.Build.0 = Debug|Any CPU
		{17736CFB-9B14-4C9F-97CD-CEDC7759E374}.Debug|x64.ActiveCfg = Debug|Any CPU
		{17736CFB-9B14-4C9F-97CD-CEDC7759E374}.Debug|x64.Build.0 = Debug|Any CPU
		{17736CFB-9B14-4C9F-97CD-CEDC7759E374}.Debug|x86.ActiveCfg = Debug|Any CPU
		{17736CFB-9B14-4C9F-97CD-CEDC7759E374}.Debug|x86.Build.0 = Debug|Any CPU
		{17736CFB-9B14-4C9F-97CD-CEDC7759E374}.Release|Any CPU.ActiveCfg = Release|Any CPU
		{17736CFB-9B14-4C9F-97CD-CEDC7759E374}.Release|Any CPU.Build.0 = Release|Any CPU
		{17736CFB-9B14-4C9F-97CD-CEDC7759E374}.Release|ARM.ActiveCfg = Release|Any CPU
		{17736CFB-9B14-4C9F-97CD-CEDC7759E374}.Release|ARM.Build.0 = Release|Any CPU
		{17736CFB-9B14-4C9F-97CD-CEDC7759E374}.Release|iPhone.ActiveCfg = Release|Any CPU
		{17736CFB-9B14-4C9F-97CD-CEDC7759E374}.Release|iPhone.Build.0 = Release|Any CPU
		{17736CFB-9B14-4C9F-97CD-CEDC7759E374}.Release|iPhoneSimulator.ActiveCfg = Release|Any CPU
		{17736CFB-9B14-4C9F-97CD-CEDC7759E374}.Release|iPhoneSimulator.Build.0 = Release|Any CPU
		{17736CFB-9B14-4C9F-97CD-CEDC7759E374}.Release|x64.ActiveCfg = Release|Any CPU
		{17736CFB-9B14-4C9F-97CD-CEDC7759E374}.Release|x64.Build.0 = Release|Any CPU
		{17736CFB-9B14-4C9F-97CD-CEDC7759E374}.Release|x86.ActiveCfg = Release|Any CPU
		{17736CFB-9B14-4C9F-97CD-CEDC7759E374}.Release|x86.Build.0 = Release|Any CPU
	EndGlobalSection
	GlobalSection(SolutionProperties) = preSolution
		HideSolutionNode = FALSE
	EndGlobalSection
EndGlobal
